
Microsoft Visual Studio Solution File, Format Version 12.00
# Visual Studio Version 16
VisualStudioVersion = 16.0.29709.97
MinimumVisualStudioVersion = 10.0.40219.1
Project("{9A19103F-16F7-4668-BE54-9A1E7A4F7556}") = "identity-server", "identity-server\identity-server.csproj", "{7E2F29E5-959D-4682-90DD-D8850C85F488}"
EndProject
Project("{FAE04EC0-301F-11D3-BF4B-00C04F79EFBC}") = "my-fancy-api", "my-fancy-api\my-fancy-api.csproj", "{F7C5CD57-BCBE-464F-BE52-3A901D4ACE8E}"
EndProject
Global
	GlobalSection(SolutionConfigurationPlatforms) = preSolution
		Debug|Any CPU = Debug|Any CPU
		Release|Any CPU = Release|Any CPU
	EndGlobalSection
	GlobalSection(ProjectConfigurationPlatforms) = postSolution
		{7E2F29E5-959D-4682-90DD-D8850C85F488}.Debug|Any CPU.ActiveCfg = Debug|Any CPU
		{7E2F29E5-959D-4682-90DD-D8850C85F488}.Debug|Any CPU.Build.0 = Debug|Any CPU
		{7E2F29E5-959D-4682-90DD-D8850C85F488}.Release|Any CPU.ActiveCfg = Release|Any CPU
		{7E2F29E5-959D-4682-90DD-D8850C85F488}.Release|Any CPU.Build.0 = Release|Any CPU
		{F7C5CD57-BCBE-464F-BE52-3A901D4ACE8E}.Debug|Any CPU.ActiveCfg = Debug|Any CPU
		{F7C5CD57-BCBE-464F-BE52-3A901D4ACE8E}.Debug|Any CPU.Build.0 = Debug|Any CPU
		{F7C5CD57-BCBE-464F-BE52-3A901D4ACE8E}.Release|Any CPU.ActiveCfg = Release|Any CPU
		{F7C5CD57-BCBE-464F-BE52-3A901D4ACE8E}.Release|Any CPU.Build.0 = Release|Any CPU
	EndGlobalSection
	GlobalSection(SolutionProperties) = preSolution
		HideSolutionNode = FALSE
	EndGlobalSection
	GlobalSection(ExtensibilityGlobals) = postSolution
		SolutionGuid = {19B873BF-BD33-4F15-91FE-77D93C379EB0}
	EndGlobalSection
EndGlobal
